
Microsoft Visual Studio Solution File, Format Version 12.00
# Visual Studio Version 17
VisualStudioVersion = 17.9.34723.18
MinimumVisualStudioVersion = 10.0.40219.1
Project("{FAE04EC0-301F-11D3-BF4B-00C04F79EFBC}") = "Calculadora", "Calculadora\Calculadora.csproj", "{F6A295ED-39F8-47BC-99EB-D300DDDDA3D7}"
EndProject
Global
	GlobalSection(SolutionConfigurationPlatforms) = preSolution
		Debug|Any CPU = Debug|Any CPU
		Release|Any CPU = Release|Any CPU
	EndGlobalSection
	GlobalSection(ProjectConfigurationPlatforms) = postSolution
		{F6A295ED-39F8-47BC-99EB-D300DDDDA3D7}.Debug|Any CPU.ActiveCfg = Debug|Any CPU
		{F6A295ED-39F8-47BC-99EB-D300DDDDA3D7}.Debug|Any CPU.Build.0 = Debug|Any CPU
		{F6A295ED-39F8-47BC-99EB-D300DDDDA3D7}.Release|Any CPU.ActiveCfg = Release|Any CPU
		{F6A295ED-39F8-47BC-99EB-D300DDDDA3D7}.Release|Any CPU.Build.0 = Release|Any CPU
	EndGlobalSection
	GlobalSection(SolutionProperties) = preSolution
		HideSolutionNode = FALSE
	EndGlobalSection
	GlobalSection(ExtensibilityGlobals) = postSolution
		SolutionGuid = {747E899B-8423-4D5B-92AE-224E0E71C439}
	EndGlobalSection
EndGlobal
